
Microsoft Visual Studio Solution File, Format Version 12.00
# Visual Studio Version 16
VisualStudioVersion = 16.0.30406.217
MinimumVisualStudioVersion = 10.0.40219.1
Project("{8BC9CEB8-8B4A-11D0-8D11-00A0C91BC942}") = "opengl_glad_test", "opengl_glad_test\opengl_glad_test.vcxproj", "{174E3F02-6A35-4ED2-AE95-E47CDE0A159E}"
EndProject
Global
	GlobalSection(SolutionConfigurationPlatforms) = preSolution
		Debug|x64 = Debug|x64
		Debug|x86 = Debug|x86
		Release|x64 = Release|x64
		Release|x86 = Release|x86
	EndGlobalSection
	GlobalSection(ProjectConfigurationPlatforms) = postSolution
		{174E3F02-6A35-4ED2-AE95-E47CDE0A159E}.Debug|x64.ActiveCfg = Debug|x64
		{174E3F02-6A35-4ED2-AE95-E47CDE0A159E}.Debug|x64.Build.0 = Debug|x64
		{174E3F02-6A35-4ED2-AE95-E47CDE0A159E}.Debug|x86.ActiveCfg = Debug|Win32
		{174E3F02-6A35-4ED2-AE95-E47CDE0A159E}.Debug|x86.Build.0 = Debug|Win32
		{174E3F02-6A35-4ED2-AE95-E47CDE0A159E}.Release|x64.ActiveCfg = Release|x64
		{174E3F02-6A35-4ED2-AE95-E47CDE0A159E}.Release|x64.Build.0 = Release|x64
		{174E3F02-6A35-4ED2-AE95-E47CDE0A159E}.Release|x86.ActiveCfg = Release|Win32
		{174E3F02-6A35-4ED2-AE95-E47CDE0A159E}.Release|x86.Build.0 = Release|Win32
	EndGlobalSection
	GlobalSection(SolutionProperties) = preSolution
		HideSolutionNode = FALSE
	EndGlobalSection
	GlobalSection(ExtensibilityGlobals) = postSolution
		SolutionGuid = {A0DACA86-80E5-4353-80BF-D369E3A759EB}
	EndGlobalSection
EndGlobal
